<?xml version="1.0" encoding="utf-8"?>
<Project ToolsVersion="4.0" xmlns="http://schemas.microsoft.com/developer/msbuild/2003">
  <ItemGroup>
    <Filter Include="Source Files">
      <UniqueIdentifier>{4FC737F1-C7A5-4376-A066-2A32D752A2FF}</UniqueIdentifier>
      <Extensions>cpp;c;cc;cxx;c++;cppm;ixx;def;odl;idl;hpj;bat;asm;asmx</Extensions>
    </Filter>
    <Filter Include="Engine">
      <UniqueIdentifier>{8ddfef43-db75-45d4-b5d0-00b171e4aa72}</UniqueIdentifier>
    </Filter>
    <Filter Include="Resources">
      <UniqueIdentifier>{12862cd2-1129-412f-90bc-aa2fe75b7674}</UniqueIdentifier>
    </Filter>
    <Filter Include="Resources\Shader">
      <UniqueIdentifier>{2c0f810e-6913-47a6-855c-d300a1551d04}</UniqueIdentifier>
    </Filter>
    <Filter Include="Resources\Object">
      <UniqueIdentifier>{55a0af03-2d71-409f-bf79-a75356854a4b}</UniqueIdentifier>
    </Filter>
    <Filter Include="Resources\Textures">
      <UniqueIdentifier>{fb2707cd-b897-4189-b8e2-1330490bf573}</UniqueIdentifier>
    </Filter>
    <Filter Include="Source Files\vendor">
      <UniqueIdentifier>{89df3893-25d2-45e6-bb70-b4f709dcdf31}</UniqueIdentifier>
    </Filter>
    <Filter Include="Source Files\vendor\stb_image">
      <UniqueIdentifier>{6845c259-553b-460b-b691-9cdcec61d6fa}</UniqueIdentifier>
    </Filter>
  </ItemGroup>
  <ItemGroup>
    <ClCompile Include="engine\Shader.cpp">
      <Filter>Engine</Filter>
    </ClCompile>
    <ClCompile Include="dependencies\windows\glad\src\glad.c">
      <Filter>Source Files</Filter>
    </ClCompile>
    <ClCompile Include="engine\main.cpp">
      <Filter>Source Files</Filter>
    </ClCompile>
    <ClCompile Include="lines3d.cpp">
      <Filter>Source Files</Filter>
    </ClCompile>
    <ClCompile Include="grid.cpp">
      <Filter>Source Files</Filter>
    </ClCompile>
    <ClCompile Include="AlessandroModel.cpp">
      <Filter>Source Files</Filter>
    </ClCompile>
    <ClCompile Include="LeCherngModel.cpp">
      <Filter>Source Files</Filter>
    </ClCompile>
    <ClCompile Include="Laginho.cpp">
      <Filter>Source Files</Filter>
    </ClCompile>
    <ClCompile Include="DannModel.cpp">
      <Filter>Source Files</Filter>
    </ClCompile>
    <ClCompile Include="Screen.cpp">
      <Filter>Source Files</Filter>
    </ClCompile>
    <ClCompile Include="Stage.cpp">
      <Filter>Source Files</Filter>
    </ClCompile>
    <ClCompile Include="stb_image.cpp">
      <Filter>Source Files\vendor\stb_image</Filter>
    </ClCompile>
    <ClCompile Include="Texture.cpp">
      <Filter>Source Files</Filter>
    </ClCompile>
    <ClCompile Include="Cube.cpp">
      <Filter>Source Files</Filter>
    </ClCompile>
    <ClCompile Include="GroundPlain.cpp">
      <Filter>Source Files</Filter>
    </ClCompile>
    <ClCompile Include="sphere.cpp">
      <Filter>Source Files</Filter>
    </ClCompile>
    <ClCompile Include="..\..\Quiz1_40133457_DannKaoussarani\COMP371OpenGL\engine\Font.cpp">
      <Filter>Source Files</Filter>
    </ClCompile>
    <ClCompile Include="..\..\Quiz1_40133457_DannKaoussarani\COMP371OpenGL\engine\Shader.cpp">
      <Filter>Source Files</Filter>
    </ClCompile>
    <ClCompile Include="SModel.cpp">
      <Filter>Source Files</Filter>
    </ClCompile>
    <ClCompile Include="SkyBox.cpp">
      <Filter>Source Files</Filter>
    </ClCompile>
  </ItemGroup>
  <ItemGroup>
    <ClInclude Include="engine\Shader.h">
      <Filter>Engine</Filter>
    </ClInclude>
    <ClInclude Include="engine\GLDebugMessageCallback.h">
      <Filter>Engine</Filter>
    </ClInclude>
    <ClInclude Include="engine\ObjLoaderIndex.h">
      <Filter>Engine</Filter>
    </ClInclude>
    <ClInclude Include="engine\Shaderloader.h">
      <Filter>Engine</Filter>
    </ClInclude>
    <ClInclude Include="LeCherngModel.h">
      <Filter>Source Files</Filter>
    </ClInclude>
    <ClInclude Include="lines3d.h">
      <Filter>Source Files</Filter>
    </ClInclude>
    <ClInclude Include="AlessandroModel.h">
      <Filter>Source Files</Filter>
    </ClInclude>
    <ClInclude Include="Laginho.h">
      <Filter>Source Files</Filter>
    </ClInclude>
    <ClInclude Include="DannModel.h">
      <Filter>Source Files</Filter>
    </ClInclude>
    <ClInclude Include="Screen.h">
      <Filter>Source Files</Filter>
    </ClInclude>
    <ClInclude Include="Stage.h">
      <Filter>Source Files</Filter>
    </ClInclude>
    <ClInclude Include="stb_image.h">
      <Filter>Source Files\vendor\stb_image</Filter>
    </ClInclude>
    <ClInclude Include="Texture.h" />
    <ClInclude Include="Cube.h" />
    <ClInclude Include="resource.h" />
    <ClInclude Include="GroundPlain.h" />
    <ClInclude Include="sphere.h" />
    <ClInclude Include="..\..\Quiz1_40133457_DannKaoussarani\COMP371OpenGL\engine\Font.h">
      <Filter>Source Files</Filter>
    </ClInclude>
    <ClInclude Include="..\..\Quiz1_40133457_DannKaoussarani\COMP371OpenGL\engine\GLDebugMessageCallback.h">
      <Filter>Source Files</Filter>
    </ClInclude>
    <ClInclude Include="..\..\Quiz1_40133457_DannKaoussarani\COMP371OpenGL\engine\ObjLoaderIndex.h">
      <Filter>Source Files</Filter>
    </ClInclude>
    <ClInclude Include="..\..\Quiz1_40133457_DannKaoussarani\COMP371OpenGL\engine\Shader.h">
      <Filter>Source Files</Filter>
    </ClInclude>
    <ClInclude Include="..\..\Quiz1_40133457_DannKaoussarani\COMP371OpenGL\engine\Shaderloader.h">
      <Filter>Source Files</Filter>
    </ClInclude>
    <ClInclude Include="SModel.h" />
    <ClInclude Include="SkyBox.h" />
  </ItemGroup>
  <ItemGroup>
    <None Include="resources\shaders\Basic.shader">
      <Filter>Resources\Shader</Filter>
    </None>
    <None Include="resources\shaders\fragment.shader">
      <Filter>Resources\Shader</Filter>
    </None>
    <None Include="resources\shaders\shadow_fragment.shader">
      <Filter>Resources\Shader</Filter>
    </None>
    <None Include="resources\shaders\shadow_vertex.shader">
      <Filter>Resources\Shader</Filter>
    </None>
    <None Include="resources\shaders\vertex.shader">
      <Filter>Resources\Shader</Filter>
    </None>
    <None Include="resources\shaders\text.fs">
      <Filter>Resources\Shader</Filter>
    </None>
    <None Include="resources\shaders\text.vs">
      <Filter>Resources\Shader</Filter>
    </None>
    <None Include="resources\shaders\lines3d_vertex.shader">
      <Filter>Resources\Shader</Filter>
    </None>
    <None Include="shader1.bin" />
    <None Include="3.1.3.shadow_mapping.fs">
      <Filter>Resources\Shader</Filter>
    </None>
    <None Include="3.1.3.shadow_mapping.vs">
      <Filter>Resources\Shader</Filter>
    </None>
    <None Include="3.1.3.shadow_mapping_depth.fs">
      <Filter>Resources\Shader</Filter>
    </None>
    <None Include="3.1.3.shadow_mapping_depth.vs">
      <Filter>Resources\Shader</Filter>
    </None>
  </ItemGroup>
  <ItemGroup>
    <Text Include="resources\shaders\lines3d_fragment.shader">
      <Filter>Resources\Shader</Filter>
    </Text>
  </ItemGroup>
  <ItemGroup>
    <Image Include="..\..\..\Desktop\boxtexture.jpg">
      <Filter>Resources\Textures</Filter>
    </Image>
    <Image Include="..\..\..\Desktop\metaltexture.jpg">
      <Filter>Resources\Textures</Filter>
    </Image>
    <Image Include="..\..\..\Desktop\tiletexture.jpg">
      <Filter>Resources\Textures</Filter>
    </Image>
  </ItemGroup>
  <ItemGroup>
    <ResourceCompile Include="COMP371OpenGL.rc" />
  </ItemGroup>
</Project>