<?xml version="1.0" encoding="utf-8"?>
<Project ToolsVersion="4.0" xmlns="http://schemas.microsoft.com/developer/msbuild/2003">
  <ItemGroup>
    <Filter Include="Source Files">
      <UniqueIdentifier>{4FC737F1-C7A5-4376-A066-2A32D752A2FF}</UniqueIdentifier>
      <Extensions>cpp;c;cc;cxx;c++;cppm;ixx;def;odl;idl;hpj;bat;asm;asmx</Extensions>
    </Filter>
    <Filter Include="Engine">
      <UniqueIdentifier>{8ddfef43-db75-45d4-b5d0-00b171e4aa72}</UniqueIdentifier>
    </Filter>
    <Filter Include="Resources">
      <UniqueIdentifier>{12862cd2-1129-412f-90bc-aa2fe75b7674}</UniqueIdentifier>
    </Filter>
    <Filter Include="Resources\Shader">
      <UniqueIdentifier>{2c0f810e-6913-47a6-855c-d300a1551d04}</UniqueIdentifier>
    </Filter>
    <Filter Include="Resources\Object">
      <UniqueIdentifier>{55a0af03-2d71-409f-bf79-a75356854a4b}</UniqueIdentifier>
    </Filter>
  </ItemGroup>
  <ItemGroup>
    <ClCompile Include="engine\Shader.cpp">
      <Filter>Engine</Filter>
    </ClCompile>
    <ClCompile Include="dependencies\windows\glad\src\glad.c">
      <Filter>Source Files</Filter>
    </ClCompile>
    <ClCompile Include="engine\Font.cpp">
      <Filter>Engine</Filter>
    </ClCompile>
    <ClCompile Include="engine\main.cpp">
      <Filter>Source Files</Filter>
    </ClCompile>
    <ClCompile Include="lines3d.cpp">
      <Filter>Source Files</Filter>
    </ClCompile>
    <ClCompile Include="grid.cpp">
      <Filter>Source Files</Filter>
    </ClCompile>
    <ClCompile Include="AlessandroModel.cpp">
      <Filter>Source Files</Filter>
    </ClCompile>
    <ClCompile Include="LeCherngModel.cpp">
      <Filter>Source Files</Filter>
    </ClCompile>
    <ClCompile Include="Laginho.cpp">
      <Filter>Source Files</Filter>
    </ClCompile>
    <ClCompile Include="DannModel.cpp">
      <Filter>Source Files</Filter>
    </ClCompile>
    <ClCompile Include="Sphere.cpp">
      <Filter>Source Files</Filter>
    </ClCompile>
    <ClCompile Include="Cube.cpp">
      <Filter>Source Files</Filter>
    </ClCompile>
    <ClCompile Include="QuizModelsAlessandro.cpp">
      <Filter>Source Files</Filter>
    </ClCompile>
  </ItemGroup>
  <ItemGroup>
    <ClInclude Include="engine\Shader.h">
      <Filter>Engine</Filter>
    </ClInclude>
    <ClInclude Include="engine\Font.h">
      <Filter>Engine</Filter>
    </ClInclude>
    <ClInclude Include="engine\GLDebugMessageCallback.h">
      <Filter>Engine</Filter>
    </ClInclude>
    <ClInclude Include="engine\ObjLoaderIndex.h">
      <Filter>Engine</Filter>
    </ClInclude>
    <ClInclude Include="engine\Shaderloader.h">
      <Filter>Engine</Filter>
    </ClInclude>
    <ClInclude Include="LeCherngModel.h">
      <Filter>Source Files</Filter>
    </ClInclude>
    <ClInclude Include="lines3d.h">
      <Filter>Source Files</Filter>
    </ClInclude>
    <ClInclude Include="AlessandroModel.h">
      <Filter>Source Files</Filter>
    </ClInclude>
    <ClInclude Include="Laginho.h">
      <Filter>Source Files</Filter>
    </ClInclude>
    <ClInclude Include="DannModel.h">
      <Filter>Source Files</Filter>
    </ClInclude>
    <ClInclude Include="Sphere.h">
      <Filter>Source Files</Filter>
    </ClInclude>
    <ClInclude Include="Cube.h">
      <Filter>Source Files</Filter>
    </ClInclude>
    <ClInclude Include="QuizModelsAlessandro.h">
      <Filter>Source Files</Filter>
    </ClInclude>
  </ItemGroup>
  <ItemGroup>
    <None Include="resources\shaders\Basic.shader">
      <Filter>Resources\Shader</Filter>
    </None>
    <None Include="resources\shaders\fragment.shader">
      <Filter>Resources\Shader</Filter>
    </None>
    <None Include="resources\shaders\shadow_fragment.shader">
      <Filter>Resources\Shader</Filter>
    </None>
    <None Include="resources\shaders\shadow_vertex.shader">
      <Filter>Resources\Shader</Filter>
    </None>
    <None Include="resources\shaders\vertex.shader">
      <Filter>Resources\Shader</Filter>
    </None>
    <None Include="resources\shaders\text.fs">
      <Filter>Resources\Shader</Filter>
    </None>
    <None Include="resources\shaders\text.vs">
      <Filter>Resources\Shader</Filter>
    </None>
    <None Include="resources\shaders\lines3d_vertex.shader">
      <Filter>Resources\Shader</Filter>
    </None>
    <None Include="QUIZ_README.MD">
      <Filter>Source Files</Filter>
    </None>
  </ItemGroup>
  <ItemGroup>
    <Text Include="resources\shaders\lines3d_fragment.shader">
      <Filter>Resources\Shader</Filter>
    </Text>
  </ItemGroup>
</Project>